
Microsoft Visual Studio Solution File, Format Version 12.00
# Visual Studio Version 17
VisualStudioVersion = 17.7.34221.43
MinimumVisualStudioVersion = 10.0.40219.1
Project("{FAE04EC0-301F-11D3-BF4B-00C04F79EFBC}") = "10 лаба", "10 лаба.csproj", "{FA736892-263A-41E0-A609-57ADB879673B}"
EndProject
Global
	GlobalSection(SolutionConfigurationPlatforms) = preSolution
		Debug|Any CPU = Debug|Any CPU
		Release|Any CPU = Release|Any CPU
	EndGlobalSection
	GlobalSection(ProjectConfigurationPlatforms) = postSolution
		{FA736892-263A-41E0-A609-57ADB879673B}.Debug|Any CPU.ActiveCfg = Debug|Any CPU
		{FA736892-263A-41E0-A609-57ADB879673B}.Debug|Any CPU.Build.0 = Debug|Any CPU
		{FA736892-263A-41E0-A609-57ADB879673B}.Release|Any CPU.ActiveCfg = Release|Any CPU
		{FA736892-263A-41E0-A609-57ADB879673B}.Release|Any CPU.Build.0 = Release|Any CPU
	EndGlobalSection
	GlobalSection(SolutionProperties) = preSolution
		HideSolutionNode = FALSE
	EndGlobalSection
	GlobalSection(ExtensibilityGlobals) = postSolution
		SolutionGuid = {DC219532-E267-47B7-A8B4-D14FC151C211}
	EndGlobalSection
EndGlobal
